
Microsoft Visual Studio Solution File, Format Version 12.00
# Visual Studio 15
VisualStudioVersion = 15.0.27004.2005
MinimumVisualStudioVersion = 10.0.40219.1
Project("{9A19103F-16F7-4668-BE54-9A1E7A4F7556}") = "CsharpHelloWorld", "CsharpHelloWorld.csproj", "{20FC6572-F950-4953-A085-EC0D3B0372D0}"
EndProject
Global
	GlobalSection(SolutionConfigurationPlatforms) = preSolution
		Debug|Any CPU = Debug|Any CPU
		Release|Any CPU = Release|Any CPU
	EndGlobalSection
	GlobalSection(ProjectConfigurationPlatforms) = postSolution
		{20FC6572-F950-4953-A085-EC0D3B0372D0}.Debug|Any CPU.ActiveCfg = Debug|Any CPU
		{20FC6572-F950-4953-A085-EC0D3B0372D0}.Debug|Any CPU.Build.0 = Debug|Any CPU
		{20FC6572-F950-4953-A085-EC0D3B0372D0}.Release|Any CPU.ActiveCfg = Release|Any CPU
		{20FC6572-F950-4953-A085-EC0D3B0372D0}.Release|Any CPU.Build.0 = Release|Any CPU
	EndGlobalSection
	GlobalSection(SolutionProperties) = preSolution
		HideSolutionNode = FALSE
	EndGlobalSection
	GlobalSection(ExtensibilityGlobals) = postSolution
		SolutionGuid = {2CC9FE67-D450-4DA4-B6FD-40510B40D96B}
	EndGlobalSection
EndGlobal
